
Microsoft Visual Studio Solution File, Format Version 12.00
# Visual Studio Version 16
VisualStudioVersion = 16.0.31624.102
MinimumVisualStudioVersion = 10.0.40219.1
Project("{9A19103F-16F7-4668-BE54-9A1E7A4F7556}") = "GasStation_Tran", "GasStation_Tran\GasStation_Tran.csproj", "{CC3558EE-1655-4B6D-8007-AF8C12AB9B6A}"
EndProject
Global
	GlobalSection(SolutionConfigurationPlatforms) = preSolution
		Debug|Any CPU = Debug|Any CPU
		Release|Any CPU = Release|Any CPU
	EndGlobalSection
	GlobalSection(ProjectConfigurationPlatforms) = postSolution
		{CC3558EE-1655-4B6D-8007-AF8C12AB9B6A}.Debug|Any CPU.ActiveCfg = Debug|Any CPU
		{CC3558EE-1655-4B6D-8007-AF8C12AB9B6A}.Debug|Any CPU.Build.0 = Debug|Any CPU
		{CC3558EE-1655-4B6D-8007-AF8C12AB9B6A}.Release|Any CPU.ActiveCfg = Release|Any CPU
		{CC3558EE-1655-4B6D-8007-AF8C12AB9B6A}.Release|Any CPU.Build.0 = Release|Any CPU
	EndGlobalSection
	GlobalSection(SolutionProperties) = preSolution
		HideSolutionNode = FALSE
	EndGlobalSection
	GlobalSection(ExtensibilityGlobals) = postSolution
		SolutionGuid = {98C7DE7D-DB66-48EC-B7C0-6E8990B0DAFA}
	EndGlobalSection
EndGlobal
